
Microsoft Visual Studio Solution File, Format Version 12.00
# Visual Studio Version 16
VisualStudioVersion = 16.0.30413.136
MinimumVisualStudioVersion = 10.0.40219.1
Project("{FAE04EC0-301F-11D3-BF4B-00C04F79EFBC}") = "RareDiseasePredicter", "RareDiseasePredicter\RareDiseasePredicter.csproj", "{8EB38C71-E666-49EE-8193-863C4D225B10}"
EndProject
Global
	GlobalSection(SolutionConfigurationPlatforms) = preSolution
		Debug|Any CPU = Debug|Any CPU
		Release|Any CPU = Release|Any CPU
	EndGlobalSection
	GlobalSection(ProjectConfigurationPlatforms) = postSolution
		{8EB38C71-E666-49EE-8193-863C4D225B10}.Debug|Any CPU.ActiveCfg = Debug|Any CPU
		{8EB38C71-E666-49EE-8193-863C4D225B10}.Debug|Any CPU.Build.0 = Debug|Any CPU
		{8EB38C71-E666-49EE-8193-863C4D225B10}.Release|Any CPU.ActiveCfg = Release|Any CPU
		{8EB38C71-E666-49EE-8193-863C4D225B10}.Release|Any CPU.Build.0 = Release|Any CPU
	EndGlobalSection
	GlobalSection(SolutionProperties) = preSolution
		HideSolutionNode = FALSE
	EndGlobalSection
	GlobalSection(ExtensibilityGlobals) = postSolution
		SolutionGuid = {4D81B85E-6D8E-4A99-842C-2DAE3D56AC8C}
	EndGlobalSection
EndGlobal
